
Microsoft Visual Studio Solution File, Format Version 12.00
# Visual Studio Version 16
VisualStudioVersion = 16.0.30104.148
MinimumVisualStudioVersion = 10.0.40219.1
Project("{9A19103F-16F7-4668-BE54-9A1E7A4F7556}") = "SFA.DAS.FAT.Web", "SFA.DAS.FAT.Web\SFA.DAS.FAT.Web.csproj", "{160E1330-0FF6-41D6-9275-238D952FEF3C}"
EndProject
Project("{2150E333-8FDC-42A3-9474-1A3956D46DE8}") = "Tests", "Tests", "{CF3B6AF8-9414-4F4F-A378-2688E5B7283A}"
EndProject
Project("{9A19103F-16F7-4668-BE54-9A1E7A4F7556}") = "SFA.DAS.FAT.Web.UnitTests", "SFA.DAS.FAT.Web.UnitTests\SFA.DAS.FAT.Web.UnitTests.csproj", "{FC2F7779-7188-4BA2-817E-C30457EDBACB}"
EndProject
Project("{FAE04EC0-301F-11D3-BF4B-00C04F79EFBC}") = "SFA.DAS.FAT.Web.AcceptanceTests", "SFA.DAS.FAT.Web.AcceptanceTests\SFA.DAS.FAT.Web.AcceptanceTests.csproj", "{324A2AB7-A708-4473-B487-44B7DBEDE24C}"
EndProject
Project("{FAE04EC0-301F-11D3-BF4B-00C04F79EFBC}") = "SFA.DAS.FAT.Domain", "SFA.DAS.FAT.Domain\SFA.DAS.FAT.Domain.csproj", "{193A8699-5443-4B12-B265-D3F4A3F6CA33}"
EndProject
Project("{FAE04EC0-301F-11D3-BF4B-00C04F79EFBC}") = "SFA.DAS.FAT.Application", "SFA.DAS.FAT.Application\SFA.DAS.FAT.Application.csproj", "{CD7D2A42-A4F6-4EC8-9E97-545C744D0E90}"
EndProject
Project("{FAE04EC0-301F-11D3-BF4B-00C04F79EFBC}") = "SFA.DAS.FAT.Infrastructure", "SFA.DAS.FAT.Infrastructure\SFA.DAS.FAT.Infrastructure.csproj", "{2DDE9701-F263-4929-89CE-78B245B2156C}"
EndProject
Project("{FAE04EC0-301F-11D3-BF4B-00C04F79EFBC}") = "SFA.DAS.FAT.Application.UnitTests", "SFA.DAS.FAT.Application.UnitTests\SFA.DAS.FAT.Application.UnitTests.csproj", "{1D1EED3D-9536-40A9-9C58-11BF7462B64A}"
EndProject
Project("{FAE04EC0-301F-11D3-BF4B-00C04F79EFBC}") = "SFA.DAS.FAT.Infrastructure.UnitTests", "SFA.DAS.FAT.Infrastructure.UnitTests\SFA.DAS.FAT.Infrastructure.UnitTests.csproj", "{90D089F6-00A4-48F0-A0D9-A8C0911BEF0D}"
EndProject
Project("{FAE04EC0-301F-11D3-BF4B-00C04F79EFBC}") = "SFA.DAS.FAT.Domain.UnitTests", "SFA.DAS.FAT.Domain.UnitTests\SFA.DAS.FAT.Domain.UnitTests.csproj", "{E66CB9B7-ED65-4381-A600-E0EA711F0ACE}"
EndProject
Global
	GlobalSection(SolutionConfigurationPlatforms) = preSolution
		Debug|Any CPU = Debug|Any CPU
		Release|Any CPU = Release|Any CPU
	EndGlobalSection
	GlobalSection(ProjectConfigurationPlatforms) = postSolution
		{160E1330-0FF6-41D6-9275-238D952FEF3C}.Debug|Any CPU.ActiveCfg = Debug|Any CPU
		{160E1330-0FF6-41D6-9275-238D952FEF3C}.Debug|Any CPU.Build.0 = Debug|Any CPU
		{160E1330-0FF6-41D6-9275-238D952FEF3C}.Release|Any CPU.ActiveCfg = Release|Any CPU
		{160E1330-0FF6-41D6-9275-238D952FEF3C}.Release|Any CPU.Build.0 = Release|Any CPU
		{FC2F7779-7188-4BA2-817E-C30457EDBACB}.Debug|Any CPU.ActiveCfg = Debug|Any CPU
		{FC2F7779-7188-4BA2-817E-C30457EDBACB}.Debug|Any CPU.Build.0 = Debug|Any CPU
		{FC2F7779-7188-4BA2-817E-C30457EDBACB}.Release|Any CPU.ActiveCfg = Release|Any CPU
		{FC2F7779-7188-4BA2-817E-C30457EDBACB}.Release|Any CPU.Build.0 = Release|Any CPU
		{324A2AB7-A708-4473-B487-44B7DBEDE24C}.Debug|Any CPU.ActiveCfg = Debug|Any CPU
		{324A2AB7-A708-4473-B487-44B7DBEDE24C}.Debug|Any CPU.Build.0 = Debug|Any CPU
		{324A2AB7-A708-4473-B487-44B7DBEDE24C}.Release|Any CPU.ActiveCfg = Release|Any CPU
		{324A2AB7-A708-4473-B487-44B7DBEDE24C}.Release|Any CPU.Build.0 = Release|Any CPU
		{193A8699-5443-4B12-B265-D3F4A3F6CA33}.Debug|Any CPU.ActiveCfg = Debug|Any CPU
		{193A8699-5443-4B12-B265-D3F4A3F6CA33}.Debug|Any CPU.Build.0 = Debug|Any CPU
		{193A8699-5443-4B12-B265-D3F4A3F6CA33}.Release|Any CPU.ActiveCfg = Release|Any CPU
		{193A8699-5443-4B12-B265-D3F4A3F6CA33}.Release|Any CPU.Build.0 = Release|Any CPU
		{CD7D2A42-A4F6-4EC8-9E97-545C744D0E90}.Debug|Any CPU.ActiveCfg = Debug|Any CPU
		{CD7D2A42-A4F6-4EC8-9E97-545C744D0E90}.Debug|Any CPU.Build.0 = Debug|Any CPU
		{CD7D2A42-A4F6-4EC8-9E97-545C744D0E90}.Release|Any CPU.ActiveCfg = Release|Any CPU
		{CD7D2A42-A4F6-4EC8-9E97-545C744D0E90}.Release|Any CPU.Build.0 = Release|Any CPU
		{2DDE9701-F263-4929-89CE-78B245B2156C}.Debug|Any CPU.ActiveCfg = Debug|Any CPU
		{2DDE9701-F263-4929-89CE-78B245B2156C}.Debug|Any CPU.Build.0 = Debug|Any CPU
		{2DDE9701-F263-4929-89CE-78B245B2156C}.Release|Any CPU.ActiveCfg = Release|Any CPU
		{2DDE9701-F263-4929-89CE-78B245B2156C}.Release|Any CPU.Build.0 = Release|Any CPU
		{1D1EED3D-9536-40A9-9C58-11BF7462B64A}.Debug|Any CPU.ActiveCfg = Debug|Any CPU
		{1D1EED3D-9536-40A9-9C58-11BF7462B64A}.Debug|Any CPU.Build.0 = Debug|Any CPU
		{1D1EED3D-9536-40A9-9C58-11BF7462B64A}.Release|Any CPU.ActiveCfg = Release|Any CPU
		{1D1EED3D-9536-40A9-9C58-11BF7462B64A}.Release|Any CPU.Build.0 = Release|Any CPU
		{90D089F6-00A4-48F0-A0D9-A8C0911BEF0D}.Debug|Any CPU.ActiveCfg = Debug|Any CPU
		{90D089F6-00A4-48F0-A0D9-A8C0911BEF0D}.Debug|Any CPU.Build.0 = Debug|Any CPU
		{90D089F6-00A4-48F0-A0D9-A8C0911BEF0D}.Release|Any CPU.ActiveCfg = Release|Any CPU
		{90D089F6-00A4-48F0-A0D9-A8C0911BEF0D}.Release|Any CPU.Build.0 = Release|Any CPU
		{E66CB9B7-ED65-4381-A600-E0EA711F0ACE}.Debug|Any CPU.ActiveCfg = Debug|Any CPU
		{E66CB9B7-ED65-4381-A600-E0EA711F0ACE}.Debug|Any CPU.Build.0 = Debug|Any CPU
		{E66CB9B7-ED65-4381-A600-E0EA711F0ACE}.Release|Any CPU.ActiveCfg = Release|Any CPU
		{E66CB9B7-ED65-4381-A600-E0EA711F0ACE}.Release|Any CPU.Build.0 = Release|Any CPU
	EndGlobalSection
	GlobalSection(SolutionProperties) = preSolution
		HideSolutionNode = FALSE
	EndGlobalSection
	GlobalSection(NestedProjects) = preSolution
		{FC2F7779-7188-4BA2-817E-C30457EDBACB} = {CF3B6AF8-9414-4F4F-A378-2688E5B7283A}
		{324A2AB7-A708-4473-B487-44B7DBEDE24C} = {CF3B6AF8-9414-4F4F-A378-2688E5B7283A}
		{1D1EED3D-9536-40A9-9C58-11BF7462B64A} = {CF3B6AF8-9414-4F4F-A378-2688E5B7283A}
		{90D089F6-00A4-48F0-A0D9-A8C0911BEF0D} = {CF3B6AF8-9414-4F4F-A378-2688E5B7283A}
		{E66CB9B7-ED65-4381-A600-E0EA711F0ACE} = {CF3B6AF8-9414-4F4F-A378-2688E5B7283A}
	EndGlobalSection
	GlobalSection(ExtensibilityGlobals) = postSolution
		SolutionGuid = {EE786255-3DB0-4F36-831E-7E8A082E69DC}
	EndGlobalSection
EndGlobal
